
Microsoft Visual Studio Solution File, Format Version 12.00
# Visual Studio 15
VisualStudioVersion = 15.0.28307.168
MinimumVisualStudioVersion = 10.0.40219.1
Project("{2150E333-8FDC-42A3-9474-1A3956D46DE8}") = "Tests", "Tests", "{6D167B44-F6A2-4C31-B920-7EB74C85F6CF}"
EndProject
Project("{9A19103F-16F7-4668-BE54-9A1E7A4F7556}") = "ConfigSettings", "ConfigSettings\ConfigSettings.csproj", "{C9BEA370-5A71-4C5C-9A8D-3CD0F27BAF24}"
EndProject
Project("{9A19103F-16F7-4668-BE54-9A1E7A4F7556}") = "ConfigSettingsTests", "Tests\ConfigSettingsTests.csproj", "{11F8E88B-D999-44AA-9403-212FE1EDECEC}"
EndProject
Global
	GlobalSection(SolutionConfigurationPlatforms) = preSolution
		Debug|Any CPU = Debug|Any CPU
		Release|Any CPU = Release|Any CPU
	EndGlobalSection
	GlobalSection(ProjectConfigurationPlatforms) = postSolution
		{C9BEA370-5A71-4C5C-9A8D-3CD0F27BAF24}.Debug|Any CPU.ActiveCfg = Debug|Any CPU
		{C9BEA370-5A71-4C5C-9A8D-3CD0F27BAF24}.Debug|Any CPU.Build.0 = Debug|Any CPU
		{C9BEA370-5A71-4C5C-9A8D-3CD0F27BAF24}.Release|Any CPU.ActiveCfg = Release|Any CPU
		{C9BEA370-5A71-4C5C-9A8D-3CD0F27BAF24}.Release|Any CPU.Build.0 = Release|Any CPU
		{11F8E88B-D999-44AA-9403-212FE1EDECEC}.Debug|Any CPU.ActiveCfg = Debug|Any CPU
		{11F8E88B-D999-44AA-9403-212FE1EDECEC}.Debug|Any CPU.Build.0 = Debug|Any CPU
		{11F8E88B-D999-44AA-9403-212FE1EDECEC}.Release|Any CPU.ActiveCfg = Release|Any CPU
		{11F8E88B-D999-44AA-9403-212FE1EDECEC}.Release|Any CPU.Build.0 = Release|Any CPU
	EndGlobalSection
	GlobalSection(SolutionProperties) = preSolution
		HideSolutionNode = FALSE
	EndGlobalSection
	GlobalSection(NestedProjects) = preSolution
		{11F8E88B-D999-44AA-9403-212FE1EDECEC} = {6D167B44-F6A2-4C31-B920-7EB74C85F6CF}
	EndGlobalSection
	GlobalSection(ExtensibilityGlobals) = postSolution
		SolutionGuid = {2270F01D-8667-4993-9D18-40C0C08FDD62}
	EndGlobalSection
EndGlobal
